
Microsoft Visual Studio Solution File, Format Version 12.00
# Visual Studio 2013
VisualStudioVersion = 12.0.21005.1
MinimumVisualStudioVersion = 10.0.40219.1
Project("{FAE04EC0-301F-11D3-BF4B-00C04F79EFBC}") = "MVCWEF", "MVCWEF\MVCWEF.csproj", "{F8612D12-3A40-4290-8DD1-541A1B211060}"
EndProject
Global
	GlobalSection(SolutionConfigurationPlatforms) = preSolution
		Debug|Any CPU = Debug|Any CPU
		Release|Any CPU = Release|Any CPU
	EndGlobalSection
	GlobalSection(ProjectConfigurationPlatforms) = postSolution
		{F8612D12-3A40-4290-8DD1-541A1B211060}.Debug|Any CPU.ActiveCfg = Debug|Any CPU
		{F8612D12-3A40-4290-8DD1-541A1B211060}.Debug|Any CPU.Build.0 = Debug|Any CPU
		{F8612D12-3A40-4290-8DD1-541A1B211060}.Release|Any CPU.ActiveCfg = Release|Any CPU
		{F8612D12-3A40-4290-8DD1-541A1B211060}.Release|Any CPU.Build.0 = Release|Any CPU
	EndGlobalSection
	GlobalSection(SolutionProperties) = preSolution
		HideSolutionNode = FALSE
	EndGlobalSection
EndGlobal
